Microsoft Visual Studio Solution File, Format Version 12.00
# Visual Studio 15
VisualStudioVersion = 15.0.27009.1
MinimumVisualStudioVersion = 15.0.26124.0
Project("{9A19103F-16F7-4668-BE54-9A1E7A4F7556}") = "PaymentContext.Domain", "PaymentContext.Domain\PaymentContext.Domain.csproj", "{8636C578-7EA8-4568-93ED-DF5F127C920A}"
EndProject
Project("{9A19103F-16F7-4668-BE54-9A1E7A4F7556}") = "PaymentContext.Shared", "PaymentContext.Shared\PaymentContext.Shared.csproj", "{5E7EDA1C-2D1E-4171-A7BD-7966C3DA5D09}"
EndProject
Project("{9A19103F-16F7-4668-BE54-9A1E7A4F7556}") = "PaymentContext.Tests", "PaymentContext.Tests\PaymentContext.Tests.csproj", "{6F0A3445-A425-4B82-B6F0-8DBEDE3FCEFE}"
EndProject
Global
	GlobalSection(SolutionConfigurationPlatforms) = preSolution
		Debug|Any CPU = Debug|Any CPU
		Debug|x64 = Debug|x64
		Debug|x86 = Debug|x86
		Release|Any CPU = Release|Any CPU
		Release|x64 = Release|x64
		Release|x86 = Release|x86
	EndGlobalSection
	GlobalSection(ProjectConfigurationPlatforms) = postSolution
		{8636C578-7EA8-4568-93ED-DF5F127C920A}.Debug|Any CPU.ActiveCfg = Debug|Any CPU
		{8636C578-7EA8-4568-93ED-DF5F127C920A}.Debug|Any CPU.Build.0 = Debug|Any CPU
		{8636C578-7EA8-4568-93ED-DF5F127C920A}.Debug|x64.ActiveCfg = Debug|Any CPU
		{8636C578-7EA8-4568-93ED-DF5F127C920A}.Debug|x64.Build.0 = Debug|Any CPU
		{8636C578-7EA8-4568-93ED-DF5F127C920A}.Debug|x86.ActiveCfg = Debug|Any CPU
		{8636C578-7EA8-4568-93ED-DF5F127C920A}.Debug|x86.Build.0 = Debug|Any CPU
		{8636C578-7EA8-4568-93ED-DF5F127C920A}.Release|Any CPU.ActiveCfg = Release|Any CPU
		{8636C578-7EA8-4568-93ED-DF5F127C920A}.Release|Any CPU.Build.0 = Release|Any CPU
		{8636C578-7EA8-4568-93ED-DF5F127C920A}.Release|x64.ActiveCfg = Release|Any CPU
		{8636C578-7EA8-4568-93ED-DF5F127C920A}.Release|x64.Build.0 = Release|Any CPU
		{8636C578-7EA8-4568-93ED-DF5F127C920A}.Release|x86.ActiveCfg = Release|Any CPU
		{8636C578-7EA8-4568-93ED-DF5F127C920A}.Release|x86.Build.0 = Release|Any CPU
		{5E7EDA1C-2D1E-4171-A7BD-7966C3DA5D09}.Debug|Any CPU.ActiveCfg = Debug|Any CPU
		{5E7EDA1C-2D1E-4171-A7BD-7966C3DA5D09}.Debug|Any CPU.Build.0 = Debug|Any CPU
		{5E7EDA1C-2D1E-4171-A7BD-7966C3DA5D09}.Debug|x64.ActiveCfg = Debug|Any CPU
		{5E7EDA1C-2D1E-4171-A7BD-7966C3DA5D09}.Debug|x64.Build.0 = Debug|Any CPU
		{5E7EDA1C-2D1E-4171-A7BD-7966C3DA5D09}.Debug|x86.ActiveCfg = Debug|Any CPU
		{5E7EDA1C-2D1E-4171-A7BD-7966C3DA5D09}.Debug|x86.Build.0 = Debug|Any CPU
		{5E7EDA1C-2D1E-4171-A7BD-7966C3DA5D09}.Release|Any CPU.ActiveCfg = Release|Any CPU
		{5E7EDA1C-2D1E-4171-A7BD-7966C3DA5D09}.Release|Any CPU.Build.0 = Release|Any CPU
		{5E7EDA1C-2D1E-4171-A7BD-7966C3DA5D09}.Release|x64.ActiveCfg = Release|Any CPU
		{5E7EDA1C-2D1E-4171-A7BD-7966C3DA5D09}.Release|x64.Build.0 = Release|Any CPU
		{5E7EDA1C-2D1E-4171-A7BD-7966C3DA5D09}.Release|x86.ActiveCfg = Release|Any CPU
		{5E7EDA1C-2D1E-4171-A7BD-7966C3DA5D09}.Release|x86.Build.0 = Release|Any CPU
		{6F0A3445-A425-4B82-B6F0-8DBEDE3FCEFE}.Debug|Any CPU.ActiveCfg = Debug|Any CPU
		{6F0A3445-A425-4B82-B6F0-8DBEDE3FCEFE}.Debug|Any CPU.Build.0 = Debug|Any CPU
		{6F0A3445-A425-4B82-B6F0-8DBEDE3FCEFE}.Debug|x64.ActiveCfg = Debug|Any CPU
		{6F0A3445-A425-4B82-B6F0-8DBEDE3FCEFE}.Debug|x64.Build.0 = Debug|Any CPU
		{6F0A3445-A425-4B82-B6F0-8DBEDE3FCEFE}.Debug|x86.ActiveCfg = Debug|Any CPU
		{6F0A3445-A425-4B82-B6F0-8DBEDE3FCEFE}.Debug|x86.Build.0 = Debug|Any CPU
		{6F0A3445-A425-4B82-B6F0-8DBEDE3FCEFE}.Release|Any CPU.ActiveCfg = Release|Any CPU
		{6F0A3445-A425-4B82-B6F0-8DBEDE3FCEFE}.Release|Any CPU.Build.0 = Release|Any CPU
		{6F0A3445-A425-4B82-B6F0-8DBEDE3FCEFE}.Release|x64.ActiveCfg = Release|Any CPU
		{6F0A3445-A425-4B82-B6F0-8DBEDE3FCEFE}.Release|x64.Build.0 = Release|Any CPU
		{6F0A3445-A425-4B82-B6F0-8DBEDE3FCEFE}.Release|x86.ActiveCfg = Release|Any CPU
		{6F0A3445-A425-4B82-B6F0-8DBEDE3FCEFE}.Release|x86.Build.0 = Release|Any CPU
	EndGlobalSection
	GlobalSection(SolutionProperties) = preSolution
		HideSolutionNode = FALSE
	EndGlobalSection
	GlobalSection(ExtensibilityGlobals) = postSolution
		SolutionGuid = {CC6B01DE-1264-4D2E-AA99-9F9691886505}
	EndGlobalSection
EndGlobal
